
Microsoft Visual Studio Solution File, Format Version 12.00
# Visual Studio Version 17
VisualStudioVersion = 17.1.32228.430
MinimumVisualStudioVersion = 10.0.40219.1
Project("{FAE04EC0-301F-11D3-BF4B-00C04F79EFBC}") = "DockerAPI", "DockerAPI\DockerAPI.csproj", "{D8922D03-B668-4201-9B70-7549C0A66642}"
EndProject
Global
	GlobalSection(SolutionConfigurationPlatforms) = preSolution
		Debug|Any CPU = Debug|Any CPU
		Release|Any CPU = Release|Any CPU
	EndGlobalSection
	GlobalSection(ProjectConfigurationPlatforms) = postSolution
		{D8922D03-B668-4201-9B70-7549C0A66642}.Debug|Any CPU.ActiveCfg = Debug|Any CPU
		{D8922D03-B668-4201-9B70-7549C0A66642}.Debug|Any CPU.Build.0 = Debug|Any CPU
		{D8922D03-B668-4201-9B70-7549C0A66642}.Release|Any CPU.ActiveCfg = Release|Any CPU
		{D8922D03-B668-4201-9B70-7549C0A66642}.Release|Any CPU.Build.0 = Release|Any CPU
	EndGlobalSection
	GlobalSection(SolutionProperties) = preSolution
		HideSolutionNode = FALSE
	EndGlobalSection
	GlobalSection(ExtensibilityGlobals) = postSolution
		SolutionGuid = {783784E9-9BB1-4F0D-875B-C9988A0B948F}
	EndGlobalSection
EndGlobal
